// !$*UTF8*$!
{
	archiveVersion = 1;
	classes = {
	};
	objectVersion = 56;
	objects = {

/* Begin PBXBuildFile section */
		E03B0FDF2B1BB60800C5F6B7 /* PokeChessApp.swift in Sources */ = {isa = PBXBuildFile; fileRef = E03B0FDE2B1BB60800C5F6B7 /* PokeChessApp.swift */; };
		E03B0FE12B1BB60800C5F6B7 /* ContentView.swift in Sources */ = {isa = PBXBuildFile; fileRef = E03B0FE02B1BB60800C5F6B7 /* ContentView.swift */; };
		E03B0FE52B1BB60900C5F6B7 /* Assets.xcassets in Resources */ = {isa = PBXBuildFile; fileRef = E03B0FE42B1BB60900C5F6B7 /* Assets.xcassets */; };
		E03B0FE82B1BB60900C5F6B7 /* Preview Assets.xcassets in Resources */ = {isa = PBXBuildFile; fileRef = E03B0FE72B1BB60900C5F6B7 /* Preview Assets.xcassets */; };
		E03B0FF22B1BB60A00C5F6B7 /* PokeChessTests.swift in Sources */ = {isa = PBXBuildFile; fileRef = E03B0FF12B1BB60A00C5F6B7 /* PokeChessTests.swift */; };
		E03B0FFC2B1BB60A00C5F6B7 /* PokeChessUITests.swift in Sources */ = {isa = PBXBuildFile; fileRef = E03B0FFB2B1BB60A00C5F6B7 /* PokeChessUITests.swift */; };
		E03B0FFE2B1BB60A00C5F6B7 /* PokeChessUITestsLaunchTests.swift in Sources */ = {isa = PBXBuildFile; fileRef = E03B0FFD2B1BB60A00C5F6B7 /* PokeChessUITestsLaunchTests.swift */; };
		E051836F2B32332F00894F30 /* Pokemon.swift in Sources */ = {isa = PBXBuildFile; fileRef = E051836E2B32332F00894F30 /* Pokemon.swift */; };
		E05183712B323BBF00894F30 /* Sprites.swift in Sources */ = {isa = PBXBuildFile; fileRef = E05183702B323BBF00894F30 /* Sprites.swift */; };
		E05183742B323C6D00894F30 /* OtherArt.swift in Sources */ = {isa = PBXBuildFile; fileRef = E05183732B323C6D00894F30 /* OtherArt.swift */; };
		E05183762B323C9100894F30 /* OfficialArtwork.swift in Sources */ = {isa = PBXBuildFile; fileRef = E05183752B323C9100894F30 /* OfficialArtwork.swift */; };
		E05183782B323CDE00894F30 /* Types.swift in Sources */ = {isa = PBXBuildFile; fileRef = E05183772B323CDE00894F30 /* Types.swift */; };
		E051837A2B323D6A00894F30 /* PokeType.swift in Sources */ = {isa = PBXBuildFile; fileRef = E05183792B323D6A00894F30 /* PokeType.swift */; };
		E051837E2B3242EA00894F30 /* PokemonViewModel.swift in Sources */ = {isa = PBXBuildFile; fileRef = E051837D2B3242EA00894F30 /* PokemonViewModel.swift */; };
		E05183832B3277D200894F30 /* PokemonAPICalling.swift in Sources */ = {isa = PBXBuildFile; fileRef = E05183822B3277D200894F30 /* PokemonAPICalling.swift */; };
/* End PBXBuildFile section */

/* Begin PBXContainerItemProxy section */
		E03B0FEE2B1BB60A00C5F6B7 /* PBXContainerItemProxy */ = {
			isa = PBXContainerItemProxy;
			containerPortal = E03B0FD32B1BB60800C5F6B7 /* Project object */;
			proxyType = 1;
			remoteGlobalIDString = E03B0FDA2B1BB60800C5F6B7;
			remoteInfo = PokeChess;
		};
		E03B0FF82B1BB60A00C5F6B7 /* PBXContainerItemProxy */ = {
			isa = PBXContainerItemProxy;
			containerPortal = E03B0FD32B1BB60800C5F6B7 /* Project object */;
			proxyType = 1;
			remoteGlobalIDString = E03B0FDA2B1BB60800C5F6B7;
			remoteInfo = PokeChess;
		};
/* End PBXContainerItemProxy section */

/* Begin PBXFileReference section */
		E03B0FDB2B1BB60800C5F6B7 /* PokeChess.app */ = {isa = PBXFileReference; explicitFileType = wrapper.application; includeInIndex = 0; path = PokeChess.app; sourceTree = BUILT_PRODUCTS_DIR; };
		E03B0FDE2B1BB60800C5F6B7 /* PokeChessApp.swift */ = {isa = PBXFileReference; lastKnownFileType = sourcecode.swift; path = PokeChessApp.swift; sourceTree = "<group>"; };
		E03B0FE02B1BB60800C5F6B7 /* ContentView.swift */ = {isa = PBXFileReference; lastKnownFileType = sourcecode.swift; path = ContentView.swift; sourceTree = "<group>"; };
		E03B0FE42B1BB60900C5F6B7 /* Assets.xcassets */ = {isa = PBXFileReference; lastKnownFileType = folder.assetcatalog; path = Assets.xcassets; sourceTree = "<group>"; };
		E03B0FE72B1BB60900C5F6B7 /* Preview Assets.xcassets */ = {isa = PBXFileReference; lastKnownFileType = folder.assetcatalog; path = "Preview Assets.xcassets"; sourceTree = "<group>"; };
		E03B0FED2B1BB60A00C5F6B7 /* PokeChessTests.xctest */ = {isa = PBXFileReference; explicitFileType = wrapper.cfbundle; includeInIndex = 0; path = PokeChessTests.xctest; sourceTree = BUILT_PRODUCTS_DIR; };
		E03B0FF12B1BB60A00C5F6B7 /* PokeChessTests.swift */ = {isa = PBXFileReference; lastKnownFileType = sourcecode.swift; path = PokeChessTests.swift; sourceTree = "<group>"; };
		E03B0FF72B1BB60A00C5F6B7 /* PokeChessUITests.xctest */ = {isa = PBXFileReference; explicitFileType = wrapper.cfbundle; includeInIndex = 0; path = PokeChessUITests.xctest; sourceTree = BUILT_PRODUCTS_DIR; };
		E03B0FFB2B1BB60A00C5F6B7 /* PokeChessUITests.swift */ = {isa = PBXFileReference; lastKnownFileType = sourcecode.swift; path = PokeChessUITests.swift; sourceTree = "<group>"; };
		E03B0FFD2B1BB60A00C5F6B7 /* PokeChessUITestsLaunchTests.swift */ = {isa = PBXFileReference; lastKnownFileType = sourcecode.swift; path = PokeChessUITestsLaunchTests.swift; sourceTree = "<group>"; };
		E051836E2B32332F00894F30 /* Pokemon.swift */ = {isa = PBXFileReference; lastKnownFileType = sourcecode.swift; path = Pokemon.swift; sourceTree = "<group>"; };
		E05183702B323BBF00894F30 /* Sprites.swift */ = {isa = PBXFileReference; lastKnownFileType = sourcecode.swift; path = Sprites.swift; sourceTree = "<group>"; };
		E05183732B323C6D00894F30 /* OtherArt.swift */ = {isa = PBXFileReference; lastKnownFileType = sourcecode.swift; path = OtherArt.swift; sourceTree = "<group>"; };
		E05183752B323C9100894F30 /* OfficialArtwork.swift */ = {isa = PBXFileReference; lastKnownFileType = sourcecode.swift; path = OfficialArtwork.swift; sourceTree = "<group>"; };
		E05183772B323CDE00894F30 /* Types.swift */ = {isa = PBXFileReference; lastKnownFileType = sourcecode.swift; path = Types.swift; sourceTree = "<group>"; };
		E05183792B323D6A00894F30 /* PokeType.swift */ = {isa = PBXFileReference; lastKnownFileType = sourcecode.swift; path = PokeType.swift; sourceTree = "<group>"; };
		E051837D2B3242EA00894F30 /* PokemonViewModel.swift */ = {isa = PBXFileReference; lastKnownFileType = sourcecode.swift; path = PokemonViewModel.swift; sourceTree = "<group>"; };
		E05183822B3277D200894F30 /* PokemonAPICalling.swift */ = {isa = PBXFileReference; lastKnownFileType = sourcecode.swift; path = PokemonAPICalling.swift; sourceTree = "<group>"; };
/* End PBXFileReference section */

/* Begin PBXFrameworksBuildPhase section */
		E03B0FD82B1BB60800C5F6B7 /* Frameworks */ = {
			isa = PBXFrameworksBuildPhase;
			buildActionMask = 2147483647;
			files = (
			);
			runOnlyForDeploymentPostprocessing = 0;
		};
		E03B0FEA2B1BB60A00C5F6B7 /* Frameworks */ = {
			isa = PBXFrameworksBuildPhase;
			buildActionMask = 2147483647;
			files = (
			);
			runOnlyForDeploymentPostprocessing = 0;
		};
		E03B0FF42B1BB60A00C5F6B7 /* Frameworks */ = {
			isa = PBXFrameworksBuildPhase;
			buildActionMask = 2147483647;
			files = (
			);
			runOnlyForDeploymentPostprocessing = 0;
		};
/* End PBXFrameworksBuildPhase section */

/* Begin PBXGroup section */
		E03B0FD22B1BB60800C5F6B7 = {
			isa = PBXGroup;
			children = (
				E03B0FDD2B1BB60800C5F6B7 /* PokeChess */,
				E03B0FF02B1BB60A00C5F6B7 /* PokeChessTests */,
				E03B0FFA2B1BB60A00C5F6B7 /* PokeChessUITests */,
				E03B0FDC2B1BB60800C5F6B7 /* Products */,
			);
			sourceTree = "<group>";
		};
		E03B0FDC2B1BB60800C5F6B7 /* Products */ = {
			isa = PBXGroup;
			children = (
				E03B0FDB2B1BB60800C5F6B7 /* PokeChess.app */,
				E03B0FED2B1BB60A00C5F6B7 /* PokeChessTests.xctest */,
				E03B0FF72B1BB60A00C5F6B7 /* PokeChessUITests.xctest */,
			);
			name = Products;
			sourceTree = "<group>";
		};
		E03B0FDD2B1BB60800C5F6B7 /* PokeChess */ = {
			isa = PBXGroup;
			children = (
				E05183812B3277B700894F30 /* Networking */,
				E051836B2B32310600894F30 /* Models */,
				E051837B2B323EC500894F30 /* Views */,
				E051837C2B323EF100894F30 /* ViewModel */,
				E03B0FDE2B1BB60800C5F6B7 /* PokeChessApp.swift */,
				E03B0FE42B1BB60900C5F6B7 /* Assets.xcassets */,
				E03B0FE62B1BB60900C5F6B7 /* Preview Content */,
			);
			path = PokeChess;
			sourceTree = "<group>";
		};
		E03B0FE62B1BB60900C5F6B7 /* Preview Content */ = {
			isa = PBXGroup;
			children = (
				E03B0FE72B1BB60900C5F6B7 /* Preview Assets.xcassets */,
			);
			path = "Preview Content";
			sourceTree = "<group>";
		};
		E03B0FF02B1BB60A00C5F6B7 /* PokeChessTests */ = {
			isa = PBXGroup;
			children = (
				E03B0FF12B1BB60A00C5F6B7 /* PokeChessTests.swift */,
			);
			path = PokeChessTests;
			sourceTree = "<group>";
		};
		E03B0FFA2B1BB60A00C5F6B7 /* PokeChessUITests */ = {
			isa = PBXGroup;
			children = (
				E03B0FFB2B1BB60A00C5F6B7 /* PokeChessUITests.swift */,
				E03B0FFD2B1BB60A00C5F6B7 /* PokeChessUITestsLaunchTests.swift */,
			);
			path = PokeChessUITests;
			sourceTree = "<group>";
		};
		E051836B2B32310600894F30 /* Models */ = {
			isa = PBXGroup;
			children = (
				E05183722B323C5900894F30 /* PokemonAttributes */,
				E051836E2B32332F00894F30 /* Pokemon.swift */,
			);
			path = Models;
			sourceTree = "<group>";
		};
		E05183722B323C5900894F30 /* PokemonAttributes */ = {
			isa = PBXGroup;
			children = (
				E05183702B323BBF00894F30 /* Sprites.swift */,
				E05183732B323C6D00894F30 /* OtherArt.swift */,
				E05183752B323C9100894F30 /* OfficialArtwork.swift */,
				E05183772B323CDE00894F30 /* Types.swift */,
				E05183792B323D6A00894F30 /* PokeType.swift */,
			);
			path = PokemonAttributes;
			sourceTree = "<group>";
		};
		E051837B2B323EC500894F30 /* Views */ = {
			isa = PBXGroup;
			children = (
				E03B0FE02B1BB60800C5F6B7 /* ContentView.swift */,
			);
			path = Views;
			sourceTree = "<group>";
		};
		E051837C2B323EF100894F30 /* ViewModel */ = {
			isa = PBXGroup;
			children = (
				E051837D2B3242EA00894F30 /* PokemonViewModel.swift */,
			);
			path = ViewModel;
			sourceTree = "<group>";
		};
		E05183812B3277B700894F30 /* Networking */ = {
			isa = PBXGroup;
			children = (
				E05183822B3277D200894F30 /* PokemonAPICalling.swift */,
			);
			path = Networking;
			sourceTree = "<group>";
		};
/* End PBXGroup section */

/* Begin PBXNativeTarget section */
		E03B0FDA2B1BB60800C5F6B7 /* PokeChess */ = {
			isa = PBXNativeTarget;
			buildConfigurationList = E03B10012B1BB60A00C5F6B7 /* Build configuration list for PBXNativeTarget "PokeChess" */;
			buildPhases = (
				E03B0FD72B1BB60800C5F6B7 /* Sources */,
				E03B0FD82B1BB60800C5F6B7 /* Frameworks */,
				E03B0FD92B1BB60800C5F6B7 /* Resources */,
			);
			buildRules = (
			);
			dependencies = (
			);
			name = PokeChess;
			productName = PokeChess;
			productReference = E03B0FDB2B1BB60800C5F6B7 /* PokeChess.app */;
			productType = "com.apple.product-type.application";
		};
		E03B0FEC2B1BB60A00C5F6B7 /* PokeChessTests */ = {
			isa = PBXNativeTarget;
			buildConfigurationList = E03B10042B1BB60A00C5F6B7 /* Build configuration list for PBXNativeTarget "PokeChessTests" */;
			buildPhases = (
				E03B0FE92B1BB60A00C5F6B7 /* Sources */,
				E03B0FEA2B1BB60A00C5F6B7 /* Frameworks */,
				E03B0FEB2B1BB60A00C5F6B7 /* Resources */,
			);
			buildRules = (
			);
			dependencies = (
				E03B0FEF2B1BB60A00C5F6B7 /* PBXTargetDependency */,
			);
			name = PokeChessTests;
			productName = PokeChessTests;
			productReference = E03B0FED2B1BB60A00C5F6B7 /* PokeChessTests.xctest */;
			productType = "com.apple.product-type.bundle.unit-test";
		};
		E03B0FF62B1BB60A00C5F6B7 /* PokeChessUITests */ = {
			isa = PBXNativeTarget;
			buildConfigurationList = E03B10072B1BB60A00C5F6B7 /* Build configuration list for PBXNativeTarget "PokeChessUITests" */;
			buildPhases = (
				E03B0FF32B1BB60A00C5F6B7 /* Sources */,
				E03B0FF42B1BB60A00C5F6B7 /* Frameworks */,
				E03B0FF52B1BB60A00C5F6B7 /* Resources */,
			);
			buildRules = (
			);
			dependencies = (
				E03B0FF92B1BB60A00C5F6B7 /* PBXTargetDependency */,
			);
			name = PokeChessUITests;
			productName = PokeChessUITests;
			productReference = E03B0FF72B1BB60A00C5F6B7 /* PokeChessUITests.xctest */;
			productType = "com.apple.product-type.bundle.ui-testing";
		};
/* End PBXNativeTarget section */

/* Begin PBXProject section */
		E03B0FD32B1BB60800C5F6B7 /* Project object */ = {
			isa = PBXProject;
			attributes = {
				BuildIndependentTargetsInParallel = 1;
				LastSwiftUpdateCheck = 1500;
				LastUpgradeCheck = 1500;
				TargetAttributes = {
					E03B0FDA2B1BB60800C5F6B7 = {
						CreatedOnToolsVersion = 15.0;
					};
					E03B0FEC2B1BB60A00C5F6B7 = {
						CreatedOnToolsVersion = 15.0;
						TestTargetID = E03B0FDA2B1BB60800C5F6B7;
					};
					E03B0FF62B1BB60A00C5F6B7 = {
						CreatedOnToolsVersion = 15.0;
						TestTargetID = E03B0FDA2B1BB60800C5F6B7;
					};
				};
			};
			buildConfigurationList = E03B0FD62B1BB60800C5F6B7 /* Build configuration list for PBXProject "PokeChess" */;
			compatibilityVersion = "Xcode 14.0";
			developmentRegion = en;
			hasScannedForEncodings = 0;
			knownRegions = (
				en,
				Base,
			);
			mainGroup = E03B0FD22B1BB60800C5F6B7;
			productRefGroup = E03B0FDC2B1BB60800C5F6B7 /* Products */;
			projectDirPath = "";
			projectRoot = "";
			targets = (
				E03B0FDA2B1BB60800C5F6B7 /* PokeChess */,
				E03B0FEC2B1BB60A00C5F6B7 /* PokeChessTests */,
				E03B0FF62B1BB60A00C5F6B7 /* PokeChessUITests */,
			);
		};
/* End PBXProject section */

/* Begin PBXResourcesBuildPhase section */
		E03B0FD92B1BB60800C5F6B7 /* Resources */ = {
			isa = PBXResourcesBuildPhase;
			buildActionMask = 2147483647;
			files = (
				E03B0FE82B1BB60900C5F6B7 /* Preview Assets.xcassets in Resources */,
				E03B0FE52B1BB60900C5F6B7 /* Assets.xcassets in Resources */,
			);
			runOnlyForDeploymentPostprocessing = 0;
		};
		E03B0FEB2B1BB60A00C5F6B7 /* Resources */ = {
			isa = PBXResourcesBuildPhase;
			buildActionMask = 2147483647;
			files = (
			);
			runOnlyForDeploymentPostprocessing = 0;
		};
		E03B0FF52B1BB60A00C5F6B7 /* Resources */ = {
			isa = PBXResourcesBuildPhase;
			buildActionMask = 2147483647;
			files = (
			);
			runOnlyForDeploymentPostprocessing = 0;
		};
/* End PBXResourcesBuildPhase section */

/* Begin PBXSourcesBuildPhase section */
		E03B0FD72B1BB60800C5F6B7 /* Sources */ = {
			isa = PBXSourcesBuildPhase;
			buildActionMask = 2147483647;
			files = (
				E05183712B323BBF00894F30 /* Sprites.swift in Sources */,
				E05183832B3277D200894F30 /* PokemonAPICalling.swift in Sources */,
				E051836F2B32332F00894F30 /* Pokemon.swift in Sources */,
				E03B0FE12B1BB60800C5F6B7 /* ContentView.swift in Sources */,
				E03B0FDF2B1BB60800C5F6B7 /* PokeChessApp.swift in Sources */,
				E05183782B323CDE00894F30 /* Types.swift in Sources */,
				E05183742B323C6D00894F30 /* OtherArt.swift in Sources */,
				E051837E2B3242EA00894F30 /* PokemonViewModel.swift in Sources */,
				E051837A2B323D6A00894F30 /* PokeType.swift in Sources */,
				E05183762B323C9100894F30 /* OfficialArtwork.swift in Sources */,
			);
			runOnlyForDeploymentPostprocessing = 0;
		};
		E03B0FE92B1BB60A00C5F6B7 /* Sources */ = {
			isa = PBXSourcesBuildPhase;
			buildActionMask = 2147483647;
			files = (
				E03B0FF22B1BB60A00C5F6B7 /* PokeChessTests.swift in Sources */,
			);
			runOnlyForDeploymentPostprocessing = 0;
		};
		E03B0FF32B1BB60A00C5F6B7 /* Sources */ = {
			isa = PBXSourcesBuildPhase;
			buildActionMask = 2147483647;
			files = (
				E03B0FFE2B1BB60A00C5F6B7 /* PokeChessUITestsLaunchTests.swift in Sources */,
				E03B0FFC2B1BB60A00C5F6B7 /* PokeChessUITests.swift in Sources */,
			);
			runOnlyForDeploymentPostprocessing = 0;
		};
/* End PBXSourcesBuildPhase section */

/* Begin PBXTargetDependency section */
		E03B0FEF2B1BB60A00C5F6B7 /* PBXTargetDependency */ = {
			isa = PBXTargetDependency;
			target = E03B0FDA2B1BB60800C5F6B7 /* PokeChess */;
			targetProxy = E03B0FEE2B1BB60A00C5F6B7 /* PBXContainerItemProxy */;
		};
		E03B0FF92B1BB60A00C5F6B7 /* PBXTargetDependency */ = {
			isa = PBXTargetDependency;
			target = E03B0FDA2B1BB60800C5F6B7 /* PokeChess */;
			targetProxy = E03B0FF82B1BB60A00C5F6B7 /* PBXContainerItemProxy */;
		};
/* End PBXTargetDependency section */

/* Begin XCBuildConfiguration section */
		E03B0FFF2B1BB60A00C5F6B7 /* Debug */ = {
			isa = XCBuildConfiguration;
			buildSettings = {
				ALWAYS_SEARCH_USER_PATHS = NO;
				ASSETCATALOG_COMPILER_GENERATE_SWIFT_ASSET_SYMBOL_EXTENSIONS = YES;
				CLANG_ANALYZER_NONNULL = YES;
				CLANG_ANALYZER_NUMBER_OBJECT_CONVERSION = YES_AGGRESSIVE;
				CLANG_CXX_LANGUAGE_STANDARD = "gnu++20";
				CLANG_ENABLE_MODULES = YES;
				CLANG_ENABLE_OBJC_ARC = YES;
				CLANG_ENABLE_OBJC_WEAK = YES;
				CLANG_WARN_BLOCK_CAPTURE_AUTORELEASING = YES;
				CLANG_WARN_BOOL_CONVERSION = YES;
				CLANG_WARN_COMMA = YES;
				CLANG_WARN_CONSTANT_CONVERSION = YES;
				CLANG_WARN_DEPRECATED_OBJC_IMPLEMENTATIONS = YES;
				CLANG_WARN_DIRECT_OBJC_ISA_USAGE = YES_ERROR;
				CLANG_WARN_DOCUMENTATION_COMMENTS = YES;
				CLANG_WARN_EMPTY_BODY = YES;
				CLANG_WARN_ENUM_CONVERSION = YES;
				CLANG_WARN_INFINITE_RECURSION = YES;
				CLANG_WARN_INT_CONVERSION = YES;
				CLANG_WARN_NON_LITERAL_NULL_CONVERSION = YES;
				CLANG_WARN_OBJC_IMPLICIT_RETAIN_SELF = YES;
				CLANG_WARN_OBJC_LITERAL_CONVERSION = YES;
				CLANG_WARN_OBJC_ROOT_CLASS = YES_ERROR;
				CLANG_WARN_QUOTED_INCLUDE_IN_FRAMEWORK_HEADER = YES;
				CLANG_WARN_RANGE_LOOP_ANALYSIS = YES;
				CLANG_WARN_STRICT_PROTOTYPES = YES;
				CLANG_WARN_SUSPICIOUS_MOVE = YES;
				CLANG_WARN_UNGUARDED_AVAILABILITY = YES_AGGRESSIVE;
				CLANG_WARN_UNREACHABLE_CODE = YES;
				CLANG_WARN__DUPLICATE_METHOD_MATCH = YES;
				COPY_PHASE_STRIP = NO;
				DEBUG_INFORMATION_FORMAT = dwarf;
				ENABLE_STRICT_OBJC_MSGSEND = YES;
				ENABLE_TESTABILITY = YES;
				ENABLE_USER_SCRIPT_SANDBOXING = YES;
				GCC_C_LANGUAGE_STANDARD = gnu17;
				GCC_DYNAMIC_NO_PIC = NO;
				GCC_NO_COMMON_BLOCKS = YES;
				GCC_OPTIMIZATION_LEVEL = 0;
				GCC_PREPROCESSOR_DEFINITIONS = (
					"DEBUG=1",
					"$(inherited)",
				);
				GCC_WARN_64_TO_32_BIT_CONVERSION = YES;
				GCC_WARN_ABOUT_RETURN_TYPE = YES_ERROR;
				GCC_WARN_UNDECLARED_SELECTOR = YES;
				GCC_WARN_UNINITIALIZED_AUTOS = YES_AGGRESSIVE;
				GCC_WARN_UNUSED_FUNCTION = YES;
				GCC_WARN_UNUSED_VARIABLE = YES;
				IPHONEOS_DEPLOYMENT_TARGET = 17.0;
				LOCALIZATION_PREFERS_STRING_CATALOGS = YES;
				MTL_ENABLE_DEBUG_INFO = INCLUDE_SOURCE;
				MTL_FAST_MATH = YES;
				ONLY_ACTIVE_ARCH = YES;
				SDKROOT = iphoneos;
				SWIFT_ACTIVE_COMPILATION_CONDITIONS = "DEBUG $(inherited)";
				SWIFT_OPTIMIZATION_LEVEL = "-Onone";
			};
			name = Debug;
		};
		E03B10002B1BB60A00C5F6B7 /* Release */ = {
			isa = XCBuildConfiguration;
			buildSettings = {
				ALWAYS_SEARCH_USER_PATHS = NO;
				ASSETCATALOG_COMPILER_GENERATE_SWIFT_ASSET_SYMBOL_EXTENSIONS = YES;
				CLANG_ANALYZER_NONNULL = YES;
				CLANG_ANALYZER_NUMBER_OBJECT_CONVERSION = YES_AGGRESSIVE;
				CLANG_CXX_LANGUAGE_STANDARD = "gnu++20";
				CLANG_ENABLE_MODULES = YES;
				CLANG_ENABLE_OBJC_ARC = YES;
				CLANG_ENABLE_OBJC_WEAK = YES;
				CLANG_WARN_BLOCK_CAPTURE_AUTORELEASING = YES;
				CLANG_WARN_BOOL_CONVERSION = YES;
				CLANG_WARN_COMMA = YES;
				CLANG_WARN_CONSTANT_CONVERSION = YES;
				CLANG_WARN_DEPRECATED_OBJC_IMPLEMENTATIONS = YES;
				CLANG_WARN_DIRECT_OBJC_ISA_USAGE = YES_ERROR;
				CLANG_WARN_DOCUMENTATION_COMMENTS = YES;
				CLANG_WARN_EMPTY_BODY = YES;
				CLANG_WARN_ENUM_CONVERSION = YES;
				CLANG_WARN_INFINITE_RECURSION = YES;
				CLANG_WARN_INT_CONVERSION = YES;
				CLANG_WARN_NON_LITERAL_NULL_CONVERSION = YES;
				CLANG_WARN_OBJC_IMPLICIT_RETAIN_SELF = YES;
				CLANG_WARN_OBJC_LITERAL_CONVERSION = YES;
				CLANG_WARN_OBJC_ROOT_CLASS = YES_ERROR;
				CLANG_WARN_QUOTED_INCLUDE_IN_FRAMEWORK_HEADER = YES;
				CLANG_WARN_RANGE_LOOP_ANALYSIS = YES;
				CLANG_WARN_STRICT_PROTOTYPES = YES;
				CLANG_WARN_SUSPICIOUS_MOVE = YES;
				CLANG_WARN_UNGUARDED_AVAILABILITY = YES_AGGRESSIVE;
				CLANG_WARN_UNREACHABLE_CODE = YES;
				CLANG_WARN__DUPLICATE_METHOD_MATCH = YES;
				COPY_PHASE_STRIP = NO;
				DEBUG_INFORMATION_FORMAT = "dwarf-with-dsym";
				ENABLE_NS_ASSERTIONS = NO;
				ENABLE_STRICT_OBJC_MSGSEND = YES;
				ENABLE_USER_SCRIPT_SANDBOXING = YES;
				GCC_C_LANGUAGE_STANDARD = gnu17;
				GCC_NO_COMMON_BLOCKS = YES;
				GCC_WARN_64_TO_32_BIT_CONVERSION = YES;
				GCC_WARN_ABOUT_RETURN_TYPE = YES_ERROR;
				GCC_WARN_UNDECLARED_SELECTOR = YES;
				GCC_WARN_UNINITIALIZED_AUTOS = YES_AGGRESSIVE;
				GCC_WARN_UNUSED_FUNCTION = YES;
				GCC_WARN_UNUSED_VARIABLE = YES;
				IPHONEOS_DEPLOYMENT_TARGET = 17.0;
				LOCALIZATION_PREFERS_STRING_CATALOGS = YES;
				MTL_ENABLE_DEBUG_INFO = NO;
				MTL_FAST_MATH = YES;
				SDKROOT = iphoneos;
				SWIFT_COMPILATION_MODE = wholemodule;
				VALIDATE_PRODUCT = YES;
			};
			name = Release;
		};
		E03B10022B1BB60A00C5F6B7 /* Debug */ = {
			isa = XCBuildConfiguration;
			buildSettings = {
				ASSETCATALOG_COMPILER_APPICON_NAME = AppIcon;
				ASSETCATALOG_COMPILER_GLOBAL_ACCENT_COLOR_NAME = AccentColor;
				CODE_SIGN_STYLE = Automatic;
				CURRENT_PROJECT_VERSION = 1;
				DEVELOPMENT_ASSET_PATHS = "\"PokeChess/Preview Content\"";
				DEVELOPMENT_TEAM = DTT6M7CR5R;
				ENABLE_PREVIEWS = YES;
				GENERATE_INFOPLIST_FILE = YES;
				INFOPLIST_KEY_UIApplicationSceneManifest_Generation = YES;
				INFOPLIST_KEY_UIApplicationSupportsIndirectInputEvents = YES;
				INFOPLIST_KEY_UILaunchScreen_Generation = YES;
				INFOPLIST_KEY_UISupportedInterfaceOrientations_iPad = "UIInterfaceOrientationPortrait UIInterfaceOrientationPortraitUpsideDown UIInterfaceOrientationLandscapeLeft UIInterfaceOrientationLandscapeRight";
				INFOPLIST_KEY_UISupportedInterfaceOrientations_iPhone = "UIInterfaceOrientationPortrait UIInterfaceOrientationLandscapeLeft UIInterfaceOrientationLandscapeRight";
				LD_RUNPATH_SEARCH_PATHS = (
					"$(inherited)",
					"@executable_path/Frameworks",
				);
				MARKETING_VERSION = 1.0;
				PRODUCT_BUNDLE_IDENTIFIER = come.rcApps.PokeChess;
				PRODUCT_NAME = "$(TARGET_NAME)";
				SWIFT_EMIT_LOC_STRINGS = YES;
				SWIFT_VERSION = 5.0;
				TARGETED_DEVICE_FAMILY = "1,2";
			};
			name = Debug;
		};
		E03B10032B1BB60A00C5F6B7 /* Release */ = {
			isa = XCBuildConfiguration;
			buildSettings = {
				ASSETCATALOG_COMPILER_APPICON_NAME = AppIcon;
				ASSETCATALOG_COMPILER_GLOBAL_ACCENT_COLOR_NAME = AccentColor;
				CODE_SIGN_STYLE = Automatic;
				CURRENT_PROJECT_VERSION = 1;
				DEVELOPMENT_ASSET_PATHS = "\"PokeChess/Preview Content\"";
				DEVELOPMENT_TEAM = DTT6M7CR5R;
				ENABLE_PREVIEWS = YES;
				GENERATE_INFOPLIST_FILE = YES;
				INFOPLIST_KEY_UIApplicationSceneManifest_Generation = YES;
				INFOPLIST_KEY_UIApplicationSupportsIndirectInputEvents = YES;
				INFOPLIST_KEY_UILaunchScreen_Generation = YES;
				INFOPLIST_KEY_UISupportedInterfaceOrientations_iPad = "UIInterfaceOrientationPortrait UIInterfaceOrientationPortraitUpsideDown UIInterfaceOrientationLandscapeLeft UIInterfaceOrientationLandscapeRight";
				INFOPLIST_KEY_UISupportedInterfaceOrientations_iPhone = "UIInterfaceOrientationPortrait UIInterfaceOrientationLandscapeLeft UIInterfaceOrientationLandscapeRight";
				LD_RUNPATH_SEARCH_PATHS = (
					"$(inherited)",
					"@executable_path/Frameworks",
				);
				MARKETING_VERSION = 1.0;
				PRODUCT_BUNDLE_IDENTIFIER = come.rcApps.PokeChess;
				PRODUCT_NAME = "$(TARGET_NAME)";
				SWIFT_EMIT_LOC_STRINGS = YES;
				SWIFT_VERSION = 5.0;
				TARGETED_DEVICE_FAMILY = "1,2";
			};
			name = Release;
		};
		E03B10052B1BB60A00C5F6B7 /* Debug */ = {
			isa = XCBuildConfiguration;
			buildSettings = {
				ALWAYS_EMBED_SWIFT_STANDARD_LIBRARIES = YES;
				BUNDLE_LOADER = "$(TEST_HOST)";
				CODE_SIGN_STYLE = Automatic;
				CURRENT_PROJECT_VERSION = 1;
				DEVELOPMENT_TEAM = DTT6M7CR5R;
				GENERATE_INFOPLIST_FILE = YES;
				IPHONEOS_DEPLOYMENT_TARGET = 17.0;
				MARKETING_VERSION = 1.0;
				PRODUCT_BUNDLE_IDENTIFIER = come.rcApps.PokeChessTests;
				PRODUCT_NAME = "$(TARGET_NAME)";
				SWIFT_EMIT_LOC_STRINGS = NO;
				SWIFT_VERSION = 5.0;
				TARGETED_DEVICE_FAMILY = "1,2";
				TEST_HOST = "$(BUILT_PRODUCTS_DIR)/PokeChess.app/$(BUNDLE_EXECUTABLE_FOLDER_PATH)/PokeChess";
			};
			name = Debug;
		};
		E03B10062B1BB60A00C5F6B7 /* Release */ = {
			isa = XCBuildConfiguration;
			buildSettings = {
				ALWAYS_EMBED_SWIFT_STANDARD_LIBRARIES = YES;
				BUNDLE_LOADER = "$(TEST_HOST)";
				CODE_SIGN_STYLE = Automatic;
				CURRENT_PROJECT_VERSION = 1;
				DEVELOPMENT_TEAM = DTT6M7CR5R;
				GENERATE_INFOPLIST_FILE = YES;
				IPHONEOS_DEPLOYMENT_TARGET = 17.0;
				MARKETING_VERSION = 1.0;
				PRODUCT_BUNDLE_IDENTIFIER = come.rcApps.PokeChessTests;
				PRODUCT_NAME = "$(TARGET_NAME)";
				SWIFT_EMIT_LOC_STRINGS = NO;
				SWIFT_VERSION = 5.0;
				TARGETED_DEVICE_FAMILY = "1,2";
				TEST_HOST = "$(BUILT_PRODUCTS_DIR)/PokeChess.app/$(BUNDLE_EXECUTABLE_FOLDER_PATH)/PokeChess";
			};
			name = Release;
		};
		E03B10082B1BB60A00C5F6B7 /* Debug */ = {
			isa = XCBuildConfiguration;
			buildSettings = {
				ALWAYS_EMBED_SWIFT_STANDARD_LIBRARIES = YES;
				CODE_SIGN_STYLE = Automatic;
				CURRENT_PROJECT_VERSION = 1;
				DEVELOPMENT_TEAM = DTT6M7CR5R;
				GENERATE_INFOPLIST_FILE = YES;
				MARKETING_VERSION = 1.0;
				PRODUCT_BUNDLE_IDENTIFIER = come.rcApps.PokeChessUITests;
				PRODUCT_NAME = "$(TARGET_NAME)";
				SWIFT_EMIT_LOC_STRINGS = NO;
				SWIFT_VERSION = 5.0;
				TARGETED_DEVICE_FAMILY = "1,2";
				TEST_TARGET_NAME = PokeChess;
			};
			name = Debug;
		};
		E03B10092B1BB60A00C5F6B7 /* Release */ = {
			isa = XCBuildConfiguration;
			buildSettings = {
				ALWAYS_EMBED_SWIFT_STANDARD_LIBRARIES = YES;
				CODE_SIGN_STYLE = Automatic;
				CURRENT_PROJECT_VERSION = 1;
				DEVELOPMENT_TEAM = DTT6M7CR5R;
				GENERATE_INFOPLIST_FILE = YES;
				MARKETING_VERSION = 1.0;
				PRODUCT_BUNDLE_IDENTIFIER = come.rcApps.PokeChessUITests;
				PRODUCT_NAME = "$(TARGET_NAME)";
				SWIFT_EMIT_LOC_STRINGS = NO;
				SWIFT_VERSION = 5.0;
				TARGETED_DEVICE_FAMILY = "1,2";
				TEST_TARGET_NAME = PokeChess;
			};
			name = Release;
		};
/* End XCBuildConfiguration section */

/* Begin XCConfigurationList section */
		E03B0FD62B1BB60800C5F6B7 /* Build configuration list for PBXProject "PokeChess" */ = {
			isa = XCConfigurationList;
			buildConfigurations = (
				E03B0FFF2B1BB60A00C5F6B7 /* Debug */,
				E03B10002B1BB60A00C5F6B7 /* Release */,
			);
			defaultConfigurationIsVisible = 0;
			defaultConfigurationName = Release;
		};
		E03B10012B1BB60A00C5F6B7 /* Build configuration list for PBXNativeTarget "PokeChess" */ = {
			isa = XCConfigurationList;
			buildConfigurations = (
				E03B10022B1BB60A00C5F6B7 /* Debug */,
				E03B10032B1BB60A00C5F6B7 /* Release */,
			);
			defaultConfigurationIsVisible = 0;
			defaultConfigurationName = Release;
		};
		E03B10042B1BB60A00C5F6B7 /* Build configuration list for PBXNativeTarget "PokeChessTests" */ = {
			isa = XCConfigurationList;
			buildConfigurations = (
				E03B10052B1BB60A00C5F6B7 /* Debug */,
				E03B10062B1BB60A00C5F6B7 /* Release */,
			);
			defaultConfigurationIsVisible = 0;
			defaultConfigurationName = Release;
		};
		E03B10072B1BB60A00C5F6B7 /* Build configuration list for PBXNativeTarget "PokeChessUITests" */ = {
			isa = XCConfigurationList;
			buildConfigurations = (
				E03B10082B1BB60A00C5F6B7 /* Debug */,
				E03B10092B1BB60A00C5F6B7 /* Release */,
			);
			defaultConfigurationIsVisible = 0;
			defaultConfigurationName = Release;
		};
/* End XCConfigurationList section */
	};
	rootObject = E03B0FD32B1BB60800C5F6B7 /* Project object */;
}
